<?xml version="1.0" encoding="utf-8"?>
<Project ToolsVersion="4.0" xmlns="http://schemas.microsoft.com/developer/msbuild/2003">
  <ItemGroup>
    <Filter Include="win32">
      <UniqueIdentifier>{84a8ebd7-7cf0-47f6-b75e-d441df67da40}</UniqueIdentifier>
    </Filter>
    <Filter Include="resource">
      <UniqueIdentifier>{715254bc-d70b-4ec5-bf29-467dd3ace079}</UniqueIdentifier>
    </Filter>
    <Filter Include="src">
      <UniqueIdentifier>{bb6c862e-70e9-49d9-81b7-3829a6f50471}</UniqueIdentifier>
    </Filter>
    <Filter Include="src\action">
      <UniqueIdentifier>{d3427ddc-f4f4-4fcc-8ec5-c5063ef808dd}</UniqueIdentifier>
    </Filter>
    <Filter Include="src\action\check">
      <UniqueIdentifier>{584d16a7-df8e-4583-a779-b7a19cabf8c8}</UniqueIdentifier>
    </Filter>
    <Filter Include="src\input">
      <UniqueIdentifier>{54c997b5-78ed-4b27-a2b3-ade315044363}</UniqueIdentifier>
    </Filter>
    <Filter Include="src\scene">
      <UniqueIdentifier>{8107326a-2ef8-427a-bfcf-da58f624eca0}</UniqueIdentifier>
    </Filter>
    <Filter Include="src\obj">
      <UniqueIdentifier>{a545f225-08fb-4c0f-a91e-57a9d5198bfc}</UniqueIdentifier>
    </Filter>
  </ItemGroup>
  <ItemGroup>
    <ClCompile Include="main.cpp">
      <Filter>win32</Filter>
    </ClCompile>
    <ClCompile Include="..\Classes\AppDelegate.cpp">
      <Filter>src</Filter>
    </ClCompile>
    <ClCompile Include="..\Classes\CricketJni.cpp" />
    <ClCompile Include="..\Classes\input\OPRT_key.cpp">
      <Filter>src\input</Filter>
    </ClCompile>
    <ClCompile Include="..\Classes\input\OPRT_state.cpp">
      <Filter>src\input</Filter>
    </ClCompile>
    <ClCompile Include="..\Classes\input\OPRT_touch.cpp">
      <Filter>src\input</Filter>
    </ClCompile>
    <ClCompile Include="..\Classes\action\CheckList.cpp">
      <Filter>src\action\check</Filter>
    </ClCompile>
    <ClCompile Include="..\Classes\action\Colision.cpp">
      <Filter>src\action\check</Filter>
    </ClCompile>
    <ClCompile Include="..\Classes\action\ActionMng.cpp">
      <Filter>src\action</Filter>
    </ClCompile>
    <ClCompile Include="..\Classes\action\ChangeLR.cpp">
      <Filter>src\action</Filter>
    </ClCompile>
    <ClCompile Include="..\Classes\action\Move.cpp">
      <Filter>src\action</Filter>
    </ClCompile>
    <ClCompile Include="..\Classes\Unit\Player.cpp">
      <Filter>src\obj</Filter>
    </ClCompile>
    <ClCompile Include="..\Classes\Unit\Enemy.cpp">
      <Filter>src\obj</Filter>
    </ClCompile>
    <ClCompile Include="..\Classes\Unit\Obj.cpp">
      <Filter>src\obj</Filter>
    </ClCompile>
    <ClCompile Include="..\Classes\action\Attack.cpp">
      <Filter>src\action</Filter>
    </ClCompile>
    <ClCompile Include="..\Classes\GameMap.cpp">
      <Filter>src</Filter>
    </ClCompile>
    <ClCompile Include="..\Classes\GameOverScene.cpp">
      <Filter>src\scene</Filter>
    </ClCompile>
    <ClCompile Include="..\Classes\GameScene.cpp">
      <Filter>src\scene</Filter>
    </ClCompile>
    <ClCompile Include="..\Classes\TitleScene.cpp">
      <Filter>src\scene</Filter>
    </ClCompile>
    <ClCompile Include="..\Classes\Weapon.cpp">
      <Filter>src\obj</Filter>
    </ClCompile>
    <ClCompile Include="..\Classes\action\CheckKey.cpp">
      <Filter>src\action\check</Filter>
    </ClCompile>
    <ClCompile Include="..\Classes\E_Attack.cpp">
      <Filter>src\obj</Filter>
    </ClCompile>
    <ClCompile Include="..\Classes\mapObject.cpp">
      <Filter>src\obj</Filter>
    </ClCompile>
    <ClCompile Include="..\Classes\FloorMng.cpp">
      <Filter>src</Filter>
    </ClCompile>
    <ClCompile Include="_debug\_DebugConOut.cpp">
      <Filter>src</Filter>
    </ClCompile>
    <ClCompile Include="..\Classes\GameClearScene.cpp">
      <Filter>src\scene</Filter>
    </ClCompile>
    <ClCompile Include="..\Classes\AnimMng.cpp">
      <Filter>src</Filter>
    </ClCompile>
    <ClCompile Include="MenuLayer.cpp" />
  </ItemGroup>
  <ItemGroup>
    <ClInclude Include="main.h">
      <Filter>win32</Filter>
    </ClInclude>
    <ClInclude Include="..\Classes\AppDelegate.h">
      <Filter>src</Filter>
    </ClInclude>
    <ClInclude Include="..\Classes\CricketJni.h" />
    <ClInclude Include="..\Classes\input\OPRT_key.h">
      <Filter>src\input</Filter>
    </ClInclude>
    <ClInclude Include="..\Classes\input\OPRT_state.h">
      <Filter>src\input</Filter>
    </ClInclude>
    <ClInclude Include="..\Classes\input\OPRT_touch.h">
      <Filter>src\input</Filter>
    </ClInclude>
    <ClInclude Include="..\Classes\action\CheckList.h">
      <Filter>src\action\check</Filter>
    </ClInclude>
    <ClInclude Include="..\Classes\action\ActionMng.h">
      <Filter>src\action</Filter>
    </ClInclude>
    <ClInclude Include="..\Classes\action\ChangeLR.h">
      <Filter>src\action</Filter>
    </ClInclude>
    <ClInclude Include="..\Classes\action\Colision.h">
      <Filter>src\action\check</Filter>
    </ClInclude>
    <ClInclude Include="..\Classes\action\Move.h">
      <Filter>src\action</Filter>
    </ClInclude>
    <ClInclude Include="..\Classes\Unit\Player.h">
      <Filter>src\obj</Filter>
    </ClInclude>
    <ClInclude Include="..\Classes\Unit\Enemy.h">
      <Filter>src\obj</Filter>
    </ClInclude>
    <ClInclude Include="..\Classes\Unit\Obj.h">
      <Filter>src\obj</Filter>
    </ClInclude>
    <ClInclude Include="..\Classes\action\Attack.h">
      <Filter>src\action</Filter>
    </ClInclude>
    <ClInclude Include="..\Classes\GameMap.h">
      <Filter>src</Filter>
    </ClInclude>
    <ClInclude Include="..\Classes\GameOverScene.h">
      <Filter>src\scene</Filter>
    </ClInclude>
    <ClInclude Include="..\Classes\GameScene.h">
      <Filter>src\scene</Filter>
    </ClInclude>
    <ClInclude Include="..\Classes\TitleScene.h">
      <Filter>src\scene</Filter>
    </ClInclude>
    <ClInclude Include="..\Classes\Weapon.h">
      <Filter>src\obj</Filter>
    </ClInclude>
    <ClInclude Include="..\Classes\action\CheckKey.h">
      <Filter>src\action\check</Filter>
    </ClInclude>
    <ClInclude Include="..\Classes\E_Attack.h">
      <Filter>src\obj</Filter>
    </ClInclude>
    <ClInclude Include="..\Classes\mapObject.h">
      <Filter>src\obj</Filter>
    </ClInclude>
    <ClInclude Include="..\Classes\FloorMng.h">
      <Filter>src</Filter>
    </ClInclude>
    <ClInclude Include="_debug\_DebugConOut.h">
      <Filter>src</Filter>
    </ClInclude>
    <ClInclude Include="..\Classes\GameClearScene.h">
      <Filter>src\scene</Filter>
    </ClInclude>
    <ClInclude Include="..\Classes\AnimMng.h">
      <Filter>src</Filter>
    </ClInclude>
    <ClInclude Include="MenuLayer.h" />
  </ItemGroup>
  <ItemGroup>
    <ResourceCompile Include="game.rc">
      <Filter>resource</Filter>
    </ResourceCompile>
  </ItemGroup>
</Project>